Microsoft Visual Studio Solution File, Format Version 8.00
Project("{8BC9CEB8-8B4A-11D0-8D11-00A0C91BC942}") = "AVIMux_GUI", "AVIMux_GUI.vcproj", "{D666BA83-B94E-4FA1-80A2-5C5299AC38D4}"
	ProjectSection(ProjectDependencies) = postProject
	EndProjectSection
EndProject
Global
	GlobalSection(SolutionConfiguration) = preSolution
		Debug = Debug
		Release = Release
	EndGlobalSection
	GlobalSection(ProjectConfiguration) = postSolution
		{D666BA83-B94E-4FA1-80A2-5C5299AC38D4}.Debug.ActiveCfg = Debug|Win32
		{D666BA83-B94E-4FA1-80A2-5C5299AC38D4}.Debug.Build.0 = Debug|Win32
		{D666BA83-B94E-4FA1-80A2-5C5299AC38D4}.Release.ActiveCfg = Release|Win32
		{D666BA83-B94E-4FA1-80A2-5C5299AC38D4}.Release.Build.0 = Release|Win32
	EndGlobalSection
	GlobalSection(ExtensibilityGlobals) = postSolution
	EndGlobalSection
	GlobalSection(ExtensibilityAddIns) = postSolution
	EndGlobalSection
EndGlobal
